// !$*UTF8*$!
{
	archiveVersion = 1;
	classes = {
	};
	objectVersion = 50;
	objects = {

/* Begin PBXBuildFile section */
		9F36606221F9B3EB00D385FD /* main.cpp in Sources */ = {isa = PBXBuildFile; fileRef = 9F36606121F9B3EB00D385FD /* main.cpp */; };
/* End PBXBuildFile section */

/* Begin PBXCopyFilesBuildPhase section */
		9F36605C21F9B3EB00D385FD /* CopyFiles */ = {
			isa = PBXCopyFilesBuildPhase;
			buildActionMask = 2147483647;
			dstPath = /usr/share/man/man1/;
			dstSubfolderSpec = 0;
			files = (
			);
			runOnlyForDeploymentPostprocessing = 1;
		};
/* End PBXCopyFilesBuildPhase section */

/* Begin PBXFileReference section */
		9F0E8E1822797FE100CF5AFC /* 32.cpp */ = {isa = PBXFileReference; lastKnownFileType = sourcecode.cpp.cpp; path = 32.cpp; sourceTree = "<group>"; };
		9F36605E21F9B3EB00D385FD /* ProjectDP */ = {isa = PBXFileReference; explicitFileType = "compiled.mach-o.executable"; includeInIndex = 0; path = ProjectDP; sourceTree = BUILT_PRODUCTS_DIR; };
		9F36606121F9B3EB00D385FD /* main.cpp */ = {isa = PBXFileReference; lastKnownFileType = sourcecode.cpp.cpp; path = main.cpp; sourceTree = "<group>"; };
		9F36606821F9B53900D385FD /* README.md */ = {isa = PBXFileReference; lastKnownFileType = net.daringfireball.markdown; path = README.md; sourceTree = "<group>"; };
		9F36606B21F9B74800D385FD /* 1.cpp */ = {isa = PBXFileReference; explicitFileType = sourcecode.cpp.cpp; path = 1.cpp; sourceTree = "<group>"; };
		9F36606E21FB3D4900D385FD /* 3.cpp */ = {isa = PBXFileReference; lastKnownFileType = sourcecode.cpp.cpp; path = 3.cpp; sourceTree = "<group>"; };
		9F3890E622178CA900DC5113 /* 35.cpp */ = {isa = PBXFileReference; lastKnownFileType = sourcecode.cpp.cpp; path = 35.cpp; sourceTree = "<group>"; };
		9F3890E72218074400DC5113 /* 16.cpp */ = {isa = PBXFileReference; lastKnownFileType = sourcecode.cpp.cpp; path = 16.cpp; sourceTree = "<group>"; };
		9F47188021FEB66700866FD3 /* 4.cpp */ = {isa = PBXFileReference; lastKnownFileType = sourcecode.cpp.cpp; path = 4.cpp; sourceTree = "<group>"; };
		9F47188121FF165900866FD3 /* 26.cpp */ = {isa = PBXFileReference; lastKnownFileType = sourcecode.cpp.cpp; path = 26.cpp; sourceTree = "<group>"; };
		9F47188221FF205D00866FD3 /* 8.cpp */ = {isa = PBXFileReference; lastKnownFileType = sourcecode.cpp.cpp; path = 8.cpp; sourceTree = "<group>"; };
		9F47188321FF312600866FD3 /* 20.cpp */ = {isa = PBXFileReference; lastKnownFileType = sourcecode.cpp.cpp; path = 20.cpp; sourceTree = "<group>"; };
		9F54011022005F9E0009932D /* 28.cpp */ = {isa = PBXFileReference; lastKnownFileType = sourcecode.cpp.cpp; path = 28.cpp; sourceTree = "<group>"; };
		9F54011122005FDC0009932D /* 27.cpp */ = {isa = PBXFileReference; lastKnownFileType = sourcecode.cpp.cpp; path = 27.cpp; sourceTree = "<group>"; };
		9F540112220075480009932D /* 29.cpp */ = {isa = PBXFileReference; lastKnownFileType = sourcecode.cpp.cpp; path = 29.cpp; sourceTree = "<group>"; };
		9F7A36BB2279756F00294EEE /* 34.cpp */ = {isa = PBXFileReference; lastKnownFileType = sourcecode.cpp.cpp; path = 34.cpp; sourceTree = "<group>"; };
		9F86F807222137580044C170 /* 5.cpp */ = {isa = PBXFileReference; lastKnownFileType = sourcecode.cpp.cpp; path = 5.cpp; sourceTree = "<group>"; };
		9F9AD68821FBE1A300735050 /* 2.cpp */ = {isa = PBXFileReference; lastKnownFileType = sourcecode.cpp.cpp; path = 2.cpp; sourceTree = "<group>"; };
		9FF2E6912233EF1D009166C7 /* 7.cpp */ = {isa = PBXFileReference; lastKnownFileType = sourcecode.cpp.cpp; path = 7.cpp; sourceTree = "<group>"; };
		9FF2E6922233FD76009166C7 /* 33.cpp */ = {isa = PBXFileReference; lastKnownFileType = sourcecode.cpp.cpp; path = 33.cpp; sourceTree = "<group>"; };
		9FF80209226B5538009E667E /* 22.cpp */ = {isa = PBXFileReference; lastKnownFileType = sourcecode.cpp.cpp; path = 22.cpp; sourceTree = "<group>"; };
/* End PBXFileReference section */

/* Begin PBXFrameworksBuildPhase section */
		9F36605B21F9B3EB00D385FD /* Frameworks */ = {
			isa = PBXFrameworksBuildPhase;
			buildActionMask = 2147483647;
			files = (
			);
			runOnlyForDeploymentPostprocessing = 0;
		};
/* End PBXFrameworksBuildPhase section */

/* Begin PBXGroup section */
		9F36605521F9B3EB00D385FD = {
			isa = PBXGroup;
			children = (
				9F36606A21F9B6A300D385FD /* Sources */,
				9F36606821F9B53900D385FD /* README.md */,
				9F36606021F9B3EB00D385FD /* ProjectDP */,
				9F36605F21F9B3EB00D385FD /* Products */,
			);
			sourceTree = "<group>";
		};
		9F36605F21F9B3EB00D385FD /* Products */ = {
			isa = PBXGroup;
			children = (
				9F36605E21F9B3EB00D385FD /* ProjectDP */,
			);
			name = Products;
			sourceTree = "<group>";
		};
		9F36606021F9B3EB00D385FD /* ProjectDP */ = {
			isa = PBXGroup;
			children = (
				9F36606121F9B3EB00D385FD /* main.cpp */,
			);
			path = ProjectDP;
			sourceTree = "<group>";
		};
		9F36606A21F9B6A300D385FD /* Sources */ = {
			isa = PBXGroup;
			children = (
				9F36606B21F9B74800D385FD /* 1.cpp */,
				9F9AD68821FBE1A300735050 /* 2.cpp */,
				9F36606E21FB3D4900D385FD /* 3.cpp */,
				9F47188021FEB66700866FD3 /* 4.cpp */,
				9F47188221FF205D00866FD3 /* 8.cpp */,
				9F47188321FF312600866FD3 /* 20.cpp */,
				9F47188121FF165900866FD3 /* 26.cpp */,
				9F54011122005FDC0009932D /* 27.cpp */,
				9F54011022005F9E0009932D /* 28.cpp */,
				9F540112220075480009932D /* 29.cpp */,
				9F3890E622178CA900DC5113 /* 35.cpp */,
				9F3890E72218074400DC5113 /* 16.cpp */,
				9F86F807222137580044C170 /* 5.cpp */,
				9FF2E6912233EF1D009166C7 /* 7.cpp */,
				9FF2E6922233FD76009166C7 /* 33.cpp */,
				9FF80209226B5538009E667E /* 22.cpp */,
				9F7A36BB2279756F00294EEE /* 34.cpp */,
				9F0E8E1822797FE100CF5AFC /* 32.cpp */,
			);
			path = Sources;
			sourceTree = "<group>";
		};
/* End PBXGroup section */

/* Begin PBXNativeTarget section */
		9F36605D21F9B3EB00D385FD /* ProjectDP */ = {
			isa = PBXNativeTarget;
			buildConfigurationList = 9F36606521F9B3EB00D385FD /* Build configuration list for PBXNativeTarget "ProjectDP" */;
			buildPhases = (
				9F36605A21F9B3EB00D385FD /* Sources */,
				9F36605B21F9B3EB00D385FD /* Frameworks */,
				9F36605C21F9B3EB00D385FD /* CopyFiles */,
			);
			buildRules = (
			);
			dependencies = (
			);
			name = ProjectDP;
			productName = ProjectDP;
			productReference = 9F36605E21F9B3EB00D385FD /* ProjectDP */;
			productType = "com.apple.product-type.tool";
		};
/* End PBXNativeTarget section */

/* Begin PBXProject section */
		9F36605621F9B3EB00D385FD /* Project object */ = {
			isa = PBXProject;
			attributes = {
				LastUpgradeCheck = 1010;
				ORGANIZATIONNAME = "Handwer STD";
				TargetAttributes = {
					9F36605D21F9B3EB00D385FD = {
						CreatedOnToolsVersion = 10.1;
					};
				};
			};
			buildConfigurationList = 9F36605921F9B3EB00D385FD /* Build configuration list for PBXProject "ProjectDP" */;
			compatibilityVersion = "Xcode 9.3";
			developmentRegion = en;
			hasScannedForEncodings = 0;
			knownRegions = (
				en,
				Base,
			);
			mainGroup = 9F36605521F9B3EB00D385FD;
			productRefGroup = 9F36605F21F9B3EB00D385FD /* Products */;
			projectDirPath = "";
			projectRoot = "";
			targets = (
				9F36605D21F9B3EB00D385FD /* ProjectDP */,
			);
		};
/* End PBXProject section */

/* Begin PBXSourcesBuildPhase section */
		9F36605A21F9B3EB00D385FD /* Sources */ = {
			isa = PBXSourcesBuildPhase;
			buildActionMask = 2147483647;
			files = (
				9F36606221F9B3EB00D385FD /* main.cpp in Sources */,
			);
			runOnlyForDeploymentPostprocessing = 0;
		};
/* End PBXSourcesBuildPhase section */

/* Begin XCBuildConfiguration section */
		9F36606321F9B3EB00D385FD /* Debug */ = {
			isa = XCBuildConfiguration;
			buildSettings = {
				ALWAYS_SEARCH_USER_PATHS = NO;
				CLANG_ANALYZER_NONNULL = YES;
				CLANG_ANALYZER_NUMBER_OBJECT_CONVERSION = YES_AGGRESSIVE;
				CLANG_CXX_LANGUAGE_STANDARD = "gnu++14";
				CLANG_CXX_LIBRARY = "libc++";
				CLANG_ENABLE_MODULES = YES;
				CLANG_ENABLE_OBJC_ARC = YES;
				CLANG_ENABLE_OBJC_WEAK = YES;
				CLANG_WARN_BLOCK_CAPTURE_AUTORELEASING = YES;
				CLANG_WARN_BOOL_CONVERSION = YES;
				CLANG_WARN_COMMA = YES;
				CLANG_WARN_CONSTANT_CONVERSION = YES;
				CLANG_WARN_DEPRECATED_OBJC_IMPLEMENTATIONS = YES;
				CLANG_WARN_DIRECT_OBJC_ISA_USAGE = YES_ERROR;
				CLANG_WARN_DOCUMENTATION_COMMENTS = YES;
				CLANG_WARN_EMPTY_BODY = YES;
				CLANG_WARN_ENUM_CONVERSION = YES;
				CLANG_WARN_INFINITE_RECURSION = YES;
				CLANG_WARN_INT_CONVERSION = YES;
				CLANG_WARN_NON_LITERAL_NULL_CONVERSION = YES;
				CLANG_WARN_OBJC_IMPLICIT_RETAIN_SELF = YES;
				CLANG_WARN_OBJC_LITERAL_CONVERSION = YES;
				CLANG_WARN_OBJC_ROOT_CLASS = YES_ERROR;
				CLANG_WARN_RANGE_LOOP_ANALYSIS = YES;
				CLANG_WARN_STRICT_PROTOTYPES = YES;
				CLANG_WARN_SUSPICIOUS_MOVE = YES;
				CLANG_WARN_UNGUARDED_AVAILABILITY = YES_AGGRESSIVE;
				CLANG_WARN_UNREACHABLE_CODE = YES;
				CLANG_WARN__DUPLICATE_METHOD_MATCH = YES;
				CODE_SIGN_IDENTITY = "-";
				COPY_PHASE_STRIP = NO;
				DEBUG_INFORMATION_FORMAT = dwarf;
				ENABLE_STRICT_OBJC_MSGSEND = YES;
				ENABLE_TESTABILITY = YES;
				GCC_C_LANGUAGE_STANDARD = gnu11;
				GCC_DYNAMIC_NO_PIC = NO;
				GCC_NO_COMMON_BLOCKS = YES;
				GCC_OPTIMIZATION_LEVEL = 0;
				GCC_PREPROCESSOR_DEFINITIONS = (
					"DEBUG=1",
					"$(inherited)",
				);
				GCC_WARN_64_TO_32_BIT_CONVERSION = YES;
				GCC_WARN_ABOUT_RETURN_TYPE = YES_ERROR;
				GCC_WARN_UNDECLARED_SELECTOR = YES;
				GCC_WARN_UNINITIALIZED_AUTOS = YES_AGGRESSIVE;
				GCC_WARN_UNUSED_FUNCTION = YES;
				GCC_WARN_UNUSED_VARIABLE = YES;
				MACOSX_DEPLOYMENT_TARGET = 10.14;
				MTL_ENABLE_DEBUG_INFO = INCLUDE_SOURCE;
				MTL_FAST_MATH = YES;
				ONLY_ACTIVE_ARCH = YES;
				SDKROOT = macosx;
			};
			name = Debug;
		};
		9F36606421F9B3EB00D385FD /* Release */ = {
			isa = XCBuildConfiguration;
			buildSettings = {
				ALWAYS_SEARCH_USER_PATHS = NO;
				CLANG_ANALYZER_NONNULL = YES;
				CLANG_ANALYZER_NUMBER_OBJECT_CONVERSION = YES_AGGRESSIVE;
				CLANG_CXX_LANGUAGE_STANDARD = "gnu++14";
				CLANG_CXX_LIBRARY = "libc++";
				CLANG_ENABLE_MODULES = YES;
				CLANG_ENABLE_OBJC_ARC = YES;
				CLANG_ENABLE_OBJC_WEAK = YES;
				CLANG_WARN_BLOCK_CAPTURE_AUTORELEASING = YES;
				CLANG_WARN_BOOL_CONVERSION = YES;
				CLANG_WARN_COMMA = YES;
				CLANG_WARN_CONSTANT_CONVERSION = YES;
				CLANG_WARN_DEPRECATED_OBJC_IMPLEMENTATIONS = YES;
				CLANG_WARN_DIRECT_OBJC_ISA_USAGE = YES_ERROR;
				CLANG_WARN_DOCUMENTATION_COMMENTS = YES;
				CLANG_WARN_EMPTY_BODY = YES;
				CLANG_WARN_ENUM_CONVERSION = YES;
				CLANG_WARN_INFINITE_RECURSION = YES;
				CLANG_WARN_INT_CONVERSION = YES;
				CLANG_WARN_NON_LITERAL_NULL_CONVERSION = YES;
				CLANG_WARN_OBJC_IMPLICIT_RETAIN_SELF = YES;
				CLANG_WARN_OBJC_LITERAL_CONVERSION = YES;
				CLANG_WARN_OBJC_ROOT_CLASS = YES_ERROR;
				CLANG_WARN_RANGE_LOOP_ANALYSIS = YES;
				CLANG_WARN_STRICT_PROTOTYPES = YES;
				CLANG_WARN_SUSPICIOUS_MOVE = YES;
				CLANG_WARN_UNGUARDED_AVAILABILITY = YES_AGGRESSIVE;
				CLANG_WARN_UNREACHABLE_CODE = YES;
				CLANG_WARN__DUPLICATE_METHOD_MATCH = YES;
				CODE_SIGN_IDENTITY = "-";
				COPY_PHASE_STRIP = NO;
				DEBUG_INFORMATION_FORMAT = "dwarf-with-dsym";
				ENABLE_NS_ASSERTIONS = NO;
				ENABLE_STRICT_OBJC_MSGSEND = YES;
				GCC_C_LANGUAGE_STANDARD = gnu11;
				GCC_NO_COMMON_BLOCKS = YES;
				GCC_WARN_64_TO_32_BIT_CONVERSION = YES;
				GCC_WARN_ABOUT_RETURN_TYPE = YES_ERROR;
				GCC_WARN_UNDECLARED_SELECTOR = YES;
				GCC_WARN_UNINITIALIZED_AUTOS = YES_AGGRESSIVE;
				GCC_WARN_UNUSED_FUNCTION = YES;
				GCC_WARN_UNUSED_VARIABLE = YES;
				MACOSX_DEPLOYMENT_TARGET = 10.14;
				MTL_ENABLE_DEBUG_INFO = NO;
				MTL_FAST_MATH = YES;
				SDKROOT = macosx;
			};
			name = Release;
		};
		9F36606621F9B3EB00D385FD /* Debug */ = {
			isa = XCBuildConfiguration;
			buildSettings = {
				CODE_SIGN_STYLE = Automatic;
				PRODUCT_NAME = "$(TARGET_NAME)";
			};
			name = Debug;
		};
		9F36606721F9B3EB00D385FD /* Release */ = {
			isa = XCBuildConfiguration;
			buildSettings = {
				CODE_SIGN_STYLE = Automatic;
				PRODUCT_NAME = "$(TARGET_NAME)";
			};
			name = Release;
		};
/* End XCBuildConfiguration section */

/* Begin XCConfigurationList section */
		9F36605921F9B3EB00D385FD /* Build configuration list for PBXProject "ProjectDP" */ = {
			isa = XCConfigurationList;
			buildConfigurations = (
				9F36606321F9B3EB00D385FD /* Debug */,
				9F36606421F9B3EB00D385FD /* Release */,
			);
			defaultConfigurationIsVisible = 0;
			defaultConfigurationName = Release;
		};
		9F36606521F9B3EB00D385FD /* Build configuration list for PBXNativeTarget "ProjectDP" */ = {
			isa = XCConfigurationList;
			buildConfigurations = (
				9F36606621F9B3EB00D385FD /* Debug */,
				9F36606721F9B3EB00D385FD /* Release */,
			);
			defaultConfigurationIsVisible = 0;
			defaultConfigurationName = Release;
		};
/* End XCConfigurationList section */
	};
	rootObject = 9F36605621F9B3EB00D385FD /* Project object */;
}
